# This file is automatically @generated by Cargo.
# It is not intended for manual editing.
version = 4

[[package]]
name = "hiveclaw-backend-metal"
version = "0.1.0"
dependencies = [
 "hiveclaw-core",
]

[[package]]
name = "hiveclaw-core"
version = "0.1.0"

[[package]]
name = "hiveclaw-daemon"
version = "0.1.0"
dependencies = [
 "hiveclaw-backend-metal",
 "hiveclaw-core",
]
